<?xml version="1.0" encoding="utf-8"?>
<Project ToolsVersion="4.0" xmlns="http://schemas.microsoft.com/developer/msbuild/2003">
  <ItemGroup>
    <Filter Include="Source Files">
      <UniqueIdentifier>{4FC737F1-C7A5-4376-A066-2A32D752A2FF}</UniqueIdentifier>
      <Extensions>cpp;c;cc;cxx;c++;cppm;ixx;def;odl;idl;hpj;bat;asm;asmx</Extensions>
    </Filter>
    <Filter Include="Header Files">
      <UniqueIdentifier>{93995380-89BD-4b04-88EB-625FBE52EBFB}</UniqueIdentifier>
      <Extensions>h;hh;hpp;hxx;h++;hm;inl;inc;ipp;xsd</Extensions>
    </Filter>
    <Filter Include="Resource Files">
      <UniqueIdentifier>{67DA6AB6-F800-4c08-8B7A-83BB121AAD01}</UniqueIdentifier>
      <Extensions>rc;ico;cur;bmp;dlg;rc2;rct;bin;rgs;gif;jpg;jpeg;jpe;resx;tiff;tif;png;wav;mfcribbon-ms</Extensions>
    </Filter>
  </ItemGroup>
  <ItemGroup>
    <ClCompile Include="Source\Lexer.cpp">
      <Filter>Source Files</Filter>
    </ClCompile>
    <ClCompile Include="Source\Main.cpp">
      <Filter>Source Files</Filter>
    </ClCompile>
    <ClCompile Include="Source\Parser.cpp">
      <Filter>Source Files</Filter>
    </ClCompile>
    <ClCompile Include="Source\Interpreter\Functions.cpp">
      <Filter>Source Files</Filter>
    </ClCompile>
    <ClCompile Include="Source\Interpreter\Value.cpp">
      <Filter>Source Files</Filter>
    </ClCompile>
    <ClCompile Include="Source\Interpreter\AST\ASTFunctions.cpp">
      <Filter>Source Files</Filter>
    </ClCompile>
    <ClCompile Include="Source\Interpreter\AST\ASTInterpreter.cpp">
      <Filter>Source Files</Filter>
    </ClCompile>
  </ItemGroup>
  <ItemGroup>
    <ClInclude Include="Source\Lexer.h">
      <Filter>Header Files</Filter>
    </ClInclude>
    <ClInclude Include="Source\Utils.hpp">
      <Filter>Header Files</Filter>
    </ClInclude>
    <ClInclude Include="Source\Parser.h">
      <Filter>Header Files</Filter>
    </ClInclude>
    <ClInclude Include="Source\Interpreter\Functions.h">
      <Filter>Header Files</Filter>
    </ClInclude>
    <ClInclude Include="Source\Interpreter\Value.h">
      <Filter>Header Files</Filter>
    </ClInclude>
    <ClInclude Include="Source\Interpreter\ValueTypes.h">
      <Filter>Header Files</Filter>
    </ClInclude>
    <ClInclude Include="Source\Interpreter\AST\ASTInterpreter.h">
      <Filter>Header Files</Filter>
    </ClInclude>
  </ItemGroup>
  <ItemGroup>
    <None Include="Programs\test.ö" />
    <None Include="Programs\PerformanceTests\factorial.ö" />
    <None Include="Programs\string_format_bytecode.ö" />
    <None Include="Programs\asm_math_notes.ö" />
    <None Include="Programs\Tests\variable.ö" />
    <None Include="Programs\Tests\if.ö" />
    <None Include="Programs\scope.ö" />
    <None Include="Programs\Tests\while.ö" />
    <None Include="Programs\Tests\for.ö" />
    <None Include="Programs\Tests\string.ö" />
    <None Include="Build\build.bat">
      <Filter>Source Files</Filter>
    </None>
    <None Include="Programs\simple_function.ö" />
    <None Include="Programs\Tests\global_variable.ö" />
    <None Include="Programs\Tests\math.ö" />
    <None Include="Programs\Tests\math.ö.result" />
    <None Include="Programs\Tests\if.ö.result" />
    <None Include="Programs\Tests\factorial.ö" />
    <None Include="Programs\Tests\factorial.ö.result" />
    <None Include="Programs\Tests\for.ö.result" />
    <None Include="Programs\Tests\global_variable.ö.result" />
    <None Include="Programs\Tests\string.ö.result" />
    <None Include="Programs\Tests\variable.ö.result" />
    <None Include="Programs\Tests\while.ö.result" />
    <None Include="Programs\PerformanceTests\pi.ö" />
    <None Include="Build\functions.inc">
      <Filter>Header Files</Filter>
    </None>
    <None Include="Programs\float.ö" />
    <None Include="Programs\Tests\comparison.ö" />
    <None Include="Programs\Tests\comparison.ö.result" />
    <None Include="Programs\PerformanceTests\average.ö" />
    <None Include="Programs\PerformanceTests\dot_product.ö" />
    <None Include="Programs\PerformanceTests\arithmetic.ö" />
    <None Include="Programs\PerformanceTests\distance.ö" />
    <None Include="Programs\PerformanceTests\derivative.ö" />
    <None Include="Programs\example.ö" />
  </ItemGroup>
</Project>