
Microsoft Visual Studio Solution File, Format Version 12.00
# Visual Studio Version 17
VisualStudioVersion = 17.7.34031.279
MinimumVisualStudioVersion = 10.0.40219.1
Project("{8BC9CEB8-8B4A-11D0-8D11-00A0C91BC942}") = "ÖPlusPlusLib", "OPlusPlusLib\ÖPlusPlusLib.vcxproj", "{69752976-412F-498E-BF3B-52385BC61D56}"
EndProject
Project("{8BC9CEB8-8B4A-11D0-8D11-00A0C91BC942}") = "ÖPlusPlusConsumer", "ÖPlusPlusConsumer\ÖPlusPlusConsumer.vcxproj", "{5FD1BDB2-65B3-47EE-8B45-D6117049D0D4}"
	ProjectSection(ProjectDependencies) = postProject
		{69752976-412F-498E-BF3B-52385BC61D56} = {69752976-412F-498E-BF3B-52385BC61D56}
	EndProjectSection
EndProject
Global
	GlobalSection(SolutionConfigurationPlatforms) = preSolution
		Debug|x64 = Debug|x64
		Debug|x86 = Debug|x86
		Release|x64 = Release|x64
		Release|x86 = Release|x86
	EndGlobalSection
	GlobalSection(ProjectConfigurationPlatforms) = postSolution
		{69752976-412F-498E-BF3B-52385BC61D56}.Debug|x64.ActiveCfg = Debug|x64
		{69752976-412F-498E-BF3B-52385BC61D56}.Debug|x64.Build.0 = Debug|x64
		{69752976-412F-498E-BF3B-52385BC61D56}.Debug|x86.ActiveCfg = Debug|Win32
		{69752976-412F-498E-BF3B-52385BC61D56}.Debug|x86.Build.0 = Debug|Win32
		{69752976-412F-498E-BF3B-52385BC61D56}.Release|x64.ActiveCfg = Release|x64
		{69752976-412F-498E-BF3B-52385BC61D56}.Release|x64.Build.0 = Release|x64
		{69752976-412F-498E-BF3B-52385BC61D56}.Release|x86.ActiveCfg = Release|Win32
		{69752976-412F-498E-BF3B-52385BC61D56}.Release|x86.Build.0 = Release|Win32
		{5FD1BDB2-65B3-47EE-8B45-D6117049D0D4}.Debug|x64.ActiveCfg = Debug|x64
		{5FD1BDB2-65B3-47EE-8B45-D6117049D0D4}.Debug|x64.Build.0 = Debug|x64
		{5FD1BDB2-65B3-47EE-8B45-D6117049D0D4}.Debug|x86.ActiveCfg = Debug|Win32
		{5FD1BDB2-65B3-47EE-8B45-D6117049D0D4}.Debug|x86.Build.0 = Debug|Win32
		{5FD1BDB2-65B3-47EE-8B45-D6117049D0D4}.Release|x64.ActiveCfg = Release|x64
		{5FD1BDB2-65B3-47EE-8B45-D6117049D0D4}.Release|x64.Build.0 = Release|x64
		{5FD1BDB2-65B3-47EE-8B45-D6117049D0D4}.Release|x86.ActiveCfg = Release|Win32
		{5FD1BDB2-65B3-47EE-8B45-D6117049D0D4}.Release|x86.Build.0 = Release|Win32
	EndGlobalSection
	GlobalSection(SolutionProperties) = preSolution
		HideSolutionNode = FALSE
	EndGlobalSection
	GlobalSection(ExtensibilityGlobals) = postSolution
		SolutionGuid = {D645EDD4-E0BD-4AA3-81B6-1D7DB894DB27}
	EndGlobalSection
EndGlobal
